{
  "name": "deployment",
  "version": "1.0.0",
  "lockfileVersion": 1,
  "requires": true,
  "dependencies": {
    "@actions/core": {
      "version": "1.2.4",
      "resolved": "https://registry.npm.taobao.org/@actions/core/download/@actions/core-1.2.4.tgz",
      "integrity": "sha1-lhedv5+NlR3XS0Cg29XCJVXRhqs="
    },
    "@actions/exec": {
      "version": "1.0.4",
      "resolved": "https://registry.npm.taobao.org/@actions/exec/download/@actions/exec-1.0.4.tgz",
      "integrity": "sha1-mddTEOYuWfw30u5tz/bUv/rdOl0=",
      "requires": {
        "@actions/io": "^1.0.1"
      }
    },
    "@actions/github": {
      "version": "2.2.0",
      "resolved": "https://registry.npm.taobao.org/@actions/github/download/@actions/github-2.2.0.tgz",
      "integrity": "sha1-iVL+lrEriB+jk0Dw5yArBNxcPnE=",
      "requires": {
        "@actions/http-client": "^1.0.3",
        "@octokit/graphql": "^4.3.1",
        "@octokit/rest": "^16.43.1"
      }
    },
    "@actions/http-client": {
      "version": "1.0.8",
      "resolved": "https://registry.npm.taobao.org/@actions/http-client/download/@actions/http-client-1.0.8.tgz",
      "integrity": "sha1-i9dujsqJ3IvPYZqhKOuoX3o5r0U=",
      "requires": {
        "tunnel": "0.0.6"
      }
    },
    "@actions/io": {
      "version": "1.0.2",
      "resolved": "https://registry.npm.taobao.org/@actions/io/download/@actions/io-1.0.2.tgz",
      "integrity": "sha1-L2FLbmnOFNGRGARR6zjmV2puayc="
    },
    "@octokit/auth-token": {
      "version": "2.4.0",
      "resolved": "https://registry.npm.taobao.org/@octokit/auth-token/download/@octokit/auth-token-2.4.0.tgz",
      "integrity": "sha1-tkF4l1IYuZ5N/pSCU/BnPLu1nZ8=",
      "requires": {
        "@octokit/types": "^2.0.0"
      }
    },
    "@octokit/endpoint": {
      "version": "6.0.1",
      "resolved": "https://registry.npm.taobao.org/@octokit/endpoint/download/@octokit/endpoint-6.0.1.tgz",
      "integrity": "sha1-FtXA56g+OmRNHdvoze1sPQONMdc=",
      "requires": {
        "@octokit/types": "^2.11.1",
        "is-plain-object": "^3.0.0",
        "universal-user-agent": "^5.0.0"
      }
    },
    "@octokit/graphql": {
      "version": "4.4.0",
      "resolved": "https://registry.npm.taobao.org/@octokit/graphql/download/@octokit/graphql-4.4.0.tgz",
      "integrity": "sha1-RUC0i795a4N7MRum6lEEdg21MMo=",
      "requires": {
        "@octokit/request": "^5.3.0",
        "@octokit/types": "^2.0.0",
        "universal-user-agent": "^5.0.0"
      }
    },
    "@octokit/plugin-paginate-rest": {
      "version": "1.1.2",
      "resolved": "https://registry.npm.taobao.org/@octokit/plugin-paginate-rest/download/@octokit/plugin-paginate-rest-1.1.2.tgz",
      "integrity": "sha1-AEFwrPjCvlNauiZyeGfWkve0iPw=",
      "requires": {
        "@octokit/types": "^2.0.1"
      }
    },
    "@octokit/plugin-request-log": {
      "version": "1.0.0",
      "resolved": "https://registry.npm.taobao.org/@octokit/plugin-request-log/download/@octokit/plugin-request-log-1.0.0.tgz",
      "integrity": "sha1-7vh6QxMA9hSMOaf3X4z+shiyVH4="
    },
    "@octokit/plugin-rest-endpoint-methods": {
      "version": "2.4.0",
      "resolved": "https://registry.npm.taobao.org/@octokit/plugin-rest-endpoint-methods/download/@octokit/plugin-rest-endpoint-methods-2.4.0.tgz",
      "integrity": "sha1-Mojs9UgfaMSU3QYC/BVAeln69h4=",
      "requires": {
        "@octokit/types": "^2.0.1",
        "deprecation": "^2.3.1"
      }
    },
    "@octokit/request": {
      "version": "5.4.2",
      "resolved": "https://registry.npm.taobao.org/@octokit/request/download/@octokit/request-5.4.2.tgz",
      "integrity": "sha1-dPjlu9OdxzihsSdil5H4rRsxk+4=",
      "requires": {
        "@octokit/endpoint": "^6.0.1",
        "@octokit/request-error": "^2.0.0",
        "@octokit/types": "^2.11.1",
        "deprecation": "^2.0.0",
        "is-plain-object": "^3.0.0",
        "node-fetch": "^2.3.0",
        "once": "^1.4.0",
        "universal-user-agent": "^5.0.0"
      }
    },
    "@octokit/request-error": {
      "version": "2.0.0",
      "resolved": "https://registry.npm.taobao.org/@octokit/request-error/download/@octokit/request-error-2.0.0.tgz",
      "integrity": "sha1-lMpykzc2VEAPuymV83f5Rz4Ag0s=",
      "requires": {
        "@octokit/types": "^2.0.0",
        "deprecation": "^2.0.0",
        "once": "^1.4.0"
      }
    },
    "@octokit/rest": {
      "version": "16.43.1",
      "resolved": "https://registry.npm.taobao.org/@octokit/rest/download/@octokit/rest-16.43.1.tgz",
      "integrity": "sha1-OxHn0bGsK77rI7CKF98LIJR+2ms=",
      "requires": {
        "@octokit/auth-token": "^2.4.0",
        "@octokit/plugin-paginate-rest": "^1.1.1",
        "@octokit/plugin-request-log": "^1.0.0",
        "@octokit/plugin-rest-endpoint-methods": "2.4.0",
        "@octokit/request": "^5.2.0",
        "@octokit/request-error": "^1.0.2",
        "atob-lite": "^2.0.0",
        "before-after-hook": "^2.0.0",
        "btoa-lite": "^1.0.0",
        "deprecation": "^2.0.0",
        "lodash.get": "^4.4.2",
        "lodash.set": "^4.3.2",
        "lodash.uniq": "^4.5.0",
        "octokit-pagination-methods": "^1.1.0",
        "once": "^1.4.0",
        "universal-user-agent": "^4.0.0"
      },
      "dependencies": {
        "@octokit/request-error": {
          "version": "1.2.1",
          "resolved": "https://registry.npm.taobao.org/@octokit/request-error/download/@octokit/request-error-1.2.1.tgz",
          "integrity": "sha1-7eBxTHc/MjR1dsJWSdwBOuazGAE=",
          "requires": {
            "@octokit/types": "^2.0.0",
            "deprecation": "^2.0.0",
            "once": "^1.4.0"
          }
        },
        "universal-user-agent": {
          "version": "4.0.1",
          "resolved": "https://registry.npm.taobao.org/universal-user-agent/download/universal-user-agent-4.0.1.tgz",
          "integrity": "sha1-/Y1st3OmeacJ6WfvgoijH8wD5Vc=",
          "requires": {
            "os-name": "^3.1.0"
          }
        }
      }
    },
    "@octokit/types": {
      "version": "2.16.2",
      "resolved": "https://registry.npm.taobao.org/@octokit/types/download/@octokit/types-2.16.2.tgz",
      "integrity": "sha1-TF+No8b+zz2hgRrvZ4/aA+2sNdI=",
      "requires": {
        "@types/node": ">= 8"
      }
    },
    "@sindresorhus/is": {
      "version": "2.1.1",
      "resolved": "https://registry.npm.taobao.org/@sindresorhus/is/download/@sindresorhus/is-2.1.1.tgz?cache=0&sync_timestamp=1587294057600&other_urls=https%3A%2F%2Fregistry.npm.taobao.org%2F%40sindresorhus%2Fis%2Fdownload%2F%40sindresorhus%2Fis-2.1.1.tgz",
      "integrity": "sha1-zv9qKKW0hnwt1KG6UT3ieMy+i7E="
    },
    "@szmarczak/http-timer": {
      "version": "4.0.5",
      "resolved": "https://registry.npm.taobao.org/@szmarczak/http-timer/download/@szmarczak/http-timer-4.0.5.tgz?cache=0&sync_timestamp=1580758852337&other_urls=https%3A%2F%2Fregistry.npm.taobao.org%2F%40szmarczak%2Fhttp-timer%2Fdownload%2F%40szmarczak%2Fhttp-timer-4.0.5.tgz",
      "integrity": "sha1-v71QIR6d+lG6B9pYoUzf0zMgUVI=",
      "requires": {
        "defer-to-connect": "^2.0.0"
      }
    },
    "@types/cacheable-request": {
      "version": "6.0.1",
      "resolved": "https://registry.npm.taobao.org/@types/cacheable-request/download/@types/cacheable-request-6.0.1.tgz",
      "integrity": "sha1-XSLz3e0f06hMC761A5p0GcLJGXY=",
      "requires": {
        "@types/http-cache-semantics": "*",
        "@types/keyv": "*",
        "@types/node": "*",
        "@types/responselike": "*"
      }
    },
    "@types/http-cache-semantics": {
      "version": "4.0.0",
      "resolved": "https://registry.npm.taobao.org/@types/http-cache-semantics/download/@types/http-cache-semantics-4.0.0.tgz",
      "integrity": "sha1-kUB3lzaqJlVjXudW4kZ9eHz+iio="
    },
    "@types/keyv": {
      "version": "3.1.1",
      "resolved": "https://registry.npm.taobao.org/@types/keyv/download/@types/keyv-3.1.1.tgz",
      "integrity": "sha1-5FpFMk/KnatxarEjDuJJyftSz6c=",
      "requires": {
        "@types/node": "*"
      }
    },
    "@types/node": {
      "version": "13.13.5",
      "resolved": "https://registry.npm.taobao.org/@types/node/download/@types/node-13.13.5.tgz",
      "integrity": "sha1-luw7Cvr9ZKTM6pEHt1v4SJ8OV2U="
    },
    "@types/responselike": {
      "version": "1.0.0",
      "resolved": "https://registry.npm.taobao.org/@types/responselike/download/@types/responselike-1.0.0.tgz",
      "integrity": "sha1-JR9P59FU0rrRJavhtCmyOv0mLik=",
      "requires": {
        "@types/node": "*"
      }
    },
    "atob-lite": {
      "version": "2.0.0",
      "resolved": "https://registry.npm.taobao.org/atob-lite/download/atob-lite-2.0.0.tgz",
      "integrity": "sha1-D+9a1G8b16hQLGVyfwNn1e5D1pY="
    },
    "before-after-hook": {
      "version": "2.1.0",
      "resolved": "https://registry.npm.taobao.org/before-after-hook/download/before-after-hook-2.1.0.tgz",
      "integrity": "sha1-tsA0h/ROJCAN0wyl5qGXnF0vtjU="
    },
    "btoa-lite": {
      "version": "1.0.0",
      "resolved": "https://registry.npm.taobao.org/btoa-lite/download/btoa-lite-1.0.0.tgz",
      "integrity": "sha1-M3dm2hWAEhD92VbCLpxokaudAzc="
    },
    "cacheable-lookup": {
      "version": "4.3.0",
      "resolved": "https://registry.npm.taobao.org/cacheable-lookup/download/cacheable-lookup-4.3.0.tgz",
      "integrity": "sha1-hv8cs49kjMaroo/v/gCPgItANVA="
    },
    "cacheable-request": {
      "version": "7.0.1",
      "resolved": "https://registry.npm.taobao.org/cacheable-request/download/cacheable-request-7.0.1.tgz?cache=0&sync_timestamp=1579606262568&other_urls=https%3A%2F%2Fregistry.npm.taobao.org%2Fcacheable-request%2Fdownload%2Fcacheable-request-7.0.1.tgz",
      "integrity": "sha1-BiAxwoViMngu1pSiV/o12pOUKlg=",
      "requires": {
        "clone-response": "^1.0.2",
        "get-stream": "^5.1.0",
        "http-cache-semantics": "^4.0.0",
        "keyv": "^4.0.0",
        "lowercase-keys": "^2.0.0",
        "normalize-url": "^4.1.0",
        "responselike": "^2.0.0"
      }
    },
    "clone-response": {
      "version": "1.0.2",
      "resolved": "https://registry.npm.taobao.org/clone-response/download/clone-response-1.0.2.tgz",
      "integrity": "sha1-0dyXOSAxTfZ/vrlCI7TuNQI56Ws=",
      "requires": {
        "mimic-response": "^1.0.0"
      }
    },
    "cross-spawn": {
      "version": "6.0.5",
      "resolved": "https://registry.npm.taobao.org/cross-spawn/download/cross-spawn-6.0.5.tgz?cache=0&other_urls=https%3A%2F%2Fregistry.npm.taobao.org%2Fcross-spawn%2Fdownload%2Fcross-spawn-6.0.5.tgz",
      "integrity": "sha1-Sl7Hxk364iw6FBJNus3uhG2Ay8Q=",
      "requires": {
        "nice-try": "^1.0.4",
        "path-key": "^2.0.1",
        "semver": "^5.5.0",
        "shebang-command": "^1.2.0",
        "which": "^1.2.9"
      }
    },
    "decompress-response": {
      "version": "5.0.0",
      "resolved": "https://registry.npm.taobao.org/decompress-response/download/decompress-response-5.0.0.tgz",
      "integrity": "sha1-eEk5boDj0euoyy9170kw92Rhyw8=",
      "requires": {
        "mimic-response": "^2.0.0"
      },
      "dependencies": {
        "mimic-response": {
          "version": "2.1.0",
          "resolved": "https://registry.npm.taobao.org/mimic-response/download/mimic-response-2.1.0.tgz?cache=0&sync_timestamp=1581922548032&other_urls=https%3A%2F%2Fregistry.npm.taobao.org%2Fmimic-response%2Fdownload%2Fmimic-response-2.1.0.tgz",
          "integrity": "sha1-0Tdj019hPQnsN+uzC6wEacDuj0M="
        }
      }
    },
    "defer-to-connect": {
      "version": "2.0.0",
      "resolved": "https://registry.npm.taobao.org/defer-to-connect/download/defer-to-connect-2.0.0.tgz?cache=0&sync_timestamp=1580234632952&other_urls=https%3A%2F%2Fregistry.npm.taobao.org%2Fdefer-to-connect%2Fdownload%2Fdefer-to-connect-2.0.0.tgz",
      "integrity": "sha1-g9axmdsEFZOshNeBtSIjCMz0wsE="
    },
    "deprecation": {
      "version": "2.3.1",
      "resolved": "https://registry.npm.taobao.org/deprecation/download/deprecation-2.3.1.tgz",
      "integrity": "sha1-Y2jL20Cr8zc7UlrIfkomDDpwCRk="
    },
    "end-of-stream": {
      "version": "1.4.4",
      "resolved": "https://registry.npm.taobao.org/end-of-stream/download/end-of-stream-1.4.4.tgz",
      "integrity": "sha1-WuZKX0UFe682JuwU2gyl5LJDHrA=",
      "requires": {
        "once": "^1.4.0"
      }
    },
    "execa": {
      "version": "1.0.0",
      "resolved": "https://registry.npm.taobao.org/execa/download/execa-1.0.0.tgz?cache=0&other_urls=https%3A%2F%2Fregistry.npm.taobao.org%2Fexeca%2Fdownload%2Fexeca-1.0.0.tgz",
      "integrity": "sha1-xiNqW7TfbW8V6I5/AXeYIWdJ3dg=",
      "requires": {
        "cross-spawn": "^6.0.0",
        "get-stream": "^4.0.0",
        "is-stream": "^1.1.0",
        "npm-run-path": "^2.0.0",
        "p-finally": "^1.0.0",
        "signal-exit": "^3.0.0",
        "strip-eof": "^1.0.0"
      },
      "dependencies": {
        "get-stream": {
          "version": "4.1.0",
          "resolved": "https://registry.npm.taobao.org/get-stream/download/get-stream-4.1.0.tgz",
          "integrity": "sha1-wbJVV189wh1Zv8ec09K0axw6VLU=",
          "requires": {
            "pump": "^3.0.0"
          }
        }
      }
    },
    "get-stream": {
      "version": "5.1.0",
      "resolved": "https://registry.npm.taobao.org/get-stream/download/get-stream-5.1.0.tgz",
      "integrity": "sha1-ASA83JJZf5uQkGfD5lbMH008Tck=",
      "requires": {
        "pump": "^3.0.0"
      }
    },
    "got": {
      "version": "11.1.3",
      "resolved": "https://registry.npm.taobao.org/got/download/got-11.1.3.tgz",
      "integrity": "sha1-vLYkxjb5xNpagqfXyQF/ytbikFo=",
      "requires": {
        "@sindresorhus/is": "^2.1.1",
        "@szmarczak/http-timer": "^4.0.5",
        "@types/cacheable-request": "^6.0.1",
        "@types/responselike": "^1.0.0",
        "cacheable-lookup": "^4.3.0",
        "cacheable-request": "^7.0.1",
        "decompress-response": "^5.0.0",
        "get-stream": "^5.1.0",
        "http2-wrapper": "^1.0.0-beta.4.5",
        "lowercase-keys": "^2.0.0",
        "p-cancelable": "^2.0.0",
        "responselike": "^2.0.0"
      }
    },
    "http-cache-semantics": {
      "version": "4.1.0",
      "resolved": "https://registry.npm.taobao.org/http-cache-semantics/download/http-cache-semantics-4.1.0.tgz",
      "integrity": "sha1-SekcXL82yblLz81xwj1SSex045A="
    },
    "http2-wrapper": {
      "version": "1.0.0-beta.4.6",
      "resolved": "https://registry.npm.taobao.org/http2-wrapper/download/http2-wrapper-1.0.0-beta.4.6.tgz",
      "integrity": "sha1-lDjw/OuUbIy9NlB2wiik071NAUM=",
      "requires": {
        "quick-lru": "^5.0.0",
        "resolve-alpn": "^1.0.0"
      }
    },
    "is-plain-object": {
      "version": "3.0.0",
      "resolved": "https://registry.npm.taobao.org/is-plain-object/download/is-plain-object-3.0.0.tgz",
      "integrity": "sha1-R7/F2htdUNZBEIBsGZNZSC51qSg=",
      "requires": {
        "isobject": "^4.0.0"
      }
    },
    "is-stream": {
      "version": "1.1.0",
      "resolved": "https://registry.npm.taobao.org/is-stream/download/is-stream-1.1.0.tgz",
      "integrity": "sha1-EtSj3U5o4Lec6428hBc66A2RykQ="
    },
    "isexe": {
      "version": "2.0.0",
      "resolved": "https://registry.npm.taobao.org/isexe/download/isexe-2.0.0.tgz",
      "integrity": "sha1-6PvzdNxVb/iUehDcsFctYz8s+hA="
    },
    "isobject": {
      "version": "4.0.0",
      "resolved": "https://registry.npm.taobao.org/isobject/download/isobject-4.0.0.tgz",
      "integrity": "sha1-PxyRVec7GSAiqAgZus0DQ3EWl7A="
    },
    "json-buffer": {
      "version": "3.0.1",
      "resolved": "https://registry.npm.taobao.org/json-buffer/download/json-buffer-3.0.1.tgz",
      "integrity": "sha1-kziAKjDTtmBfvgYT4JQAjKjAWhM="
    },
    "keyv": {
      "version": "4.0.1",
      "resolved": "https://registry.npm.taobao.org/keyv/download/keyv-4.0.1.tgz",
      "integrity": "sha1-n+cDy0qU1tEXKdMgrwMzB+/QLuY=",
      "requires": {
        "json-buffer": "3.0.1"
      }
    },
    "lodash.get": {
      "version": "4.4.2",
      "resolved": "https://registry.npm.taobao.org/lodash.get/download/lodash.get-4.4.2.tgz",
      "integrity": "sha1-LRd/ZS+jHpObRDjVNBSZ36OCXpk="
    },
    "lodash.set": {
      "version": "4.3.2",
      "resolved": "https://registry.npm.taobao.org/lodash.set/download/lodash.set-4.3.2.tgz",
      "integrity": "sha1-2HV7HagH3eJIFrDWqEvqGnYjCyM="
    },
    "lodash.uniq": {
      "version": "4.5.0",
      "resolved": "https://registry.npm.taobao.org/lodash.uniq/download/lodash.uniq-4.5.0.tgz",
      "integrity": "sha1-0CJTc662Uq3BvILklFM5qEJ1R3M="
    },
    "lowercase-keys": {
      "version": "2.0.0",
      "resolved": "https://registry.npm.taobao.org/lowercase-keys/download/lowercase-keys-2.0.0.tgz",
      "integrity": "sha1-JgPni3tLAAbLyi+8yKMgJVislHk="
    },
    "macos-release": {
      "version": "2.3.0",
      "resolved": "https://registry.npm.taobao.org/macos-release/download/macos-release-2.3.0.tgz",
      "integrity": "sha1-6xkwsDbAgArevM1fF7xMEt6Ltx8="
    },
    "mimic-response": {
      "version": "1.0.1",
      "resolved": "https://registry.npm.taobao.org/mimic-response/download/mimic-response-1.0.1.tgz?cache=0&sync_timestamp=1581922548032&other_urls=https%3A%2F%2Fregistry.npm.taobao.org%2Fmimic-response%2Fdownload%2Fmimic-response-1.0.1.tgz",
      "integrity": "sha1-SSNTiHju9CBjy4o+OweYeBSHqxs="
    },
    "nice-try": {
      "version": "1.0.5",
      "resolved": "https://registry.npm.taobao.org/nice-try/download/nice-try-1.0.5.tgz?cache=0&sync_timestamp=1584699756095&other_urls=https%3A%2F%2Fregistry.npm.taobao.org%2Fnice-try%2Fdownload%2Fnice-try-1.0.5.tgz",
      "integrity": "sha1-ozeKdpbOfSI+iPybdkvX7xCJ42Y="
    },
    "node-fetch": {
      "version": "2.6.7",
      "resolved": "https://registry.npmjs.org/node-fetch/-/node-fetch-2.6.7.tgz",
      "integrity": "sha512-ZjMPFEfVx5j+y2yF35Kzx5sF7kDzxuDj6ziH4FFbOp87zKDZNx8yExJIb05OGF4Nlt9IHFIMBkRl41VdvcNdbQ==",
      "requires": {
        "whatwg-url": "^5.0.0"
      }
    },
    "normalize-url": {
      "version": "4.5.0",
      "resolved": "https://registry.npm.taobao.org/normalize-url/download/normalize-url-4.5.0.tgz?cache=0&sync_timestamp=1580491128021&other_urls=https%3A%2F%2Fregistry.npm.taobao.org%2Fnormalize-url%2Fdownload%2Fnormalize-url-4.5.0.tgz",
      "integrity": "sha1-RTNUCH5sqWlXvY9br3U/WYIUISk="
    },
    "npm-run-path": {
      "version": "2.0.2",
      "resolved": "https://registry.npm.taobao.org/npm-run-path/download/npm-run-path-2.0.2.tgz",
      "integrity": "sha1-NakjLfo11wZ7TLLd8jV7GHFTbF8=",
      "requires": {
        "path-key": "^2.0.0"
      }
    },
    "octokit-pagination-methods": {
      "version": "1.1.0",
      "resolved": "https://registry.npm.taobao.org/octokit-pagination-methods/download/octokit-pagination-methods-1.1.0.tgz",
      "integrity": "sha1-z0cu3J1VEFX573P25CtNu0yAvqQ="
    },
    "once": {
      "version": "1.4.0",
      "resolved": "https://registry.npm.taobao.org/once/download/once-1.4.0.tgz",
      "integrity": "sha1-WDsap3WWHUsROsF9nFC6753Xa9E=",
      "requires": {
        "wrappy": "1"
      }
    },
    "os-name": {
      "version": "3.1.0",
      "resolved": "https://registry.npm.taobao.org/os-name/download/os-name-3.1.0.tgz",
      "integrity": "sha1-3sGdlmKW4c1i1wGlpm7h3ernCAE=",
      "requires": {
        "macos-release": "^2.2.0",
        "windows-release": "^3.1.0"
      }
    },
    "p-cancelable": {
      "version": "2.0.0",
      "resolved": "https://registry.npm.taobao.org/p-cancelable/download/p-cancelable-2.0.0.tgz",
      "integrity": "sha1-SjdA9b2vXtXXw+NIgsb7XWsmam4="
    },
    "p-finally": {
      "version": "1.0.0",
      "resolved": "https://registry.npm.taobao.org/p-finally/download/p-finally-1.0.0.tgz",
      "integrity": "sha1-P7z7FbiZpEEjs0ttzBi3JDNqLK4="
    },
    "path-key": {
      "version": "2.0.1",
      "resolved": "https://registry.npm.taobao.org/path-key/download/path-key-2.0.1.tgz",
      "integrity": "sha1-QRyttXTFoUDTpLGRDUDYDMn0C0A="
    },
    "pump": {
      "version": "3.0.0",
      "resolved": "https://registry.npm.taobao.org/pump/download/pump-3.0.0.tgz",
      "integrity": "sha1-tKIRaBW94vTh6mAjVOjHVWUQemQ=",
      "requires": {
        "end-of-stream": "^1.1.0",
        "once": "^1.3.1"
      }
    },
    "quick-lru": {
      "version": "5.1.0",
      "resolved": "https://registry.npm.taobao.org/quick-lru/download/quick-lru-5.1.0.tgz",
      "integrity": "sha1-FgLzOb3lVMTazkeIAifsnChp8ug="
    },
    "resolve-alpn": {
      "version": "1.0.0",
      "resolved": "https://registry.npm.taobao.org/resolve-alpn/download/resolve-alpn-1.0.0.tgz",
      "integrity": "sha1-dFrWCz1q/0tKSOAbjAvccJWeDow="
    },
    "responselike": {
      "version": "2.0.0",
      "resolved": "https://registry.npm.taobao.org/responselike/download/responselike-2.0.0.tgz?cache=0&sync_timestamp=1570573217730&other_urls=https%3A%2F%2Fregistry.npm.taobao.org%2Fresponselike%2Fdownload%2Fresponselike-2.0.0.tgz",
      "integrity": "sha1-JjkbzDF091D5p56sxAoSpcQtdyM=",
      "requires": {
        "lowercase-keys": "^2.0.0"
      }
    },
    "semver": {
      "version": "5.7.1",
      "resolved": "https://registry.npm.taobao.org/semver/download/semver-5.7.1.tgz?cache=0&other_urls=https%3A%2F%2Fregistry.npm.taobao.org%2Fsemver%2Fdownload%2Fsemver-5.7.1.tgz",
      "integrity": "sha1-qVT5Ma66UI0we78Gnv8MAclhFvc="
    },
    "shebang-command": {
      "version": "1.2.0",
      "resolved": "https://registry.npm.taobao.org/shebang-command/download/shebang-command-1.2.0.tgz",
      "integrity": "sha1-RKrGW2lbAzmJaMOfNj/uXer98eo=",
      "requires": {
        "shebang-regex": "^1.0.0"
      }
    },
    "shebang-regex": {
      "version": "1.0.0",
      "resolved": "https://registry.npm.taobao.org/shebang-regex/download/shebang-regex-1.0.0.tgz",
      "integrity": "sha1-2kL0l0DAtC2yypcoVxyxkMmO/qM="
    },
    "signal-exit": {
      "version": "3.0.3",
      "resolved": "https://registry.npm.taobao.org/signal-exit/download/signal-exit-3.0.3.tgz?cache=0&sync_timestamp=1585253750175&other_urls=https%3A%2F%2Fregistry.npm.taobao.org%2Fsignal-exit%2Fdownload%2Fsignal-exit-3.0.3.tgz",
      "integrity": "sha1-oUEMLt2PB3sItOJTyOrPyvBXRhw="
    },
    "strip-eof": {
      "version": "1.0.0",
      "resolved": "https://registry.npm.taobao.org/strip-eof/download/strip-eof-1.0.0.tgz",
      "integrity": "sha1-u0P/VZim6wXYm1n80SnJgzE2Br8="
    },
    "tr46": {
      "version": "0.0.3",
      "resolved": "https://registry.npmjs.org/tr46/-/tr46-0.0.3.tgz",
      "integrity": "sha1-gYT9NH2snNwYWZLzpmIuFLnZq2o="
    },
    "tunnel": {
      "version": "0.0.6",
      "resolved": "https://registry.npm.taobao.org/tunnel/download/tunnel-0.0.6.tgz",
      "integrity": "sha1-cvExSzSlsZLbASMk3yzFh8pH+Sw="
    },
    "universal-user-agent": {
      "version": "5.0.0",
      "resolved": "https://registry.npm.taobao.org/universal-user-agent/download/universal-user-agent-5.0.0.tgz",
      "integrity": "sha1-oxgqp1gGm/DnmVJXDKdX3jV5wdk=",
      "requires": {
        "os-name": "^3.1.0"
      }
    },
    "webidl-conversions": {
      "version": "3.0.1",
      "resolved": "https://registry.npmjs.org/webidl-conversions/-/webidl-conversions-3.0.1.tgz",
      "integrity": "sha1-JFNCdeKnvGvnvIZhHMFq4KVlSHE="
    },
    "whatwg-url": {
      "version": "5.0.0",
      "resolved": "https://registry.npmjs.org/whatwg-url/-/whatwg-url-5.0.0.tgz",
      "integrity": "sha1-lmRU6HZUYuN2RNNib2dCzotwll0=",
      "requires": {
        "tr46": "~0.0.3",
        "webidl-conversions": "^3.0.0"
      }
    },
    "which": {
      "version": "1.3.1",
      "resolved": "https://registry.npm.taobao.org/which/download/which-1.3.1.tgz",
      "integrity": "sha1-pFBD1U9YBTFtqNYvn1CRjT2nCwo=",
      "requires": {
        "isexe": "^2.0.0"
      }
    },
    "windows-release": {
      "version": "3.3.0",
      "resolved": "https://registry.npm.taobao.org/windows-release/download/windows-release-3.3.0.tgz?cache=0&sync_timestamp=1586175149362&other_urls=https%3A%2F%2Fregistry.npm.taobao.org%2Fwindows-release%2Fdownload%2Fwindows-release-3.3.0.tgz",
      "integrity": "sha1-3OFn6fi+cz8hyEnr1NA/5mspufA=",
      "requires": {
        "execa": "^1.0.0"
      }
    },
    "wrappy": {
      "version": "1.0.2",
      "resolved": "https://registry.npm.taobao.org/wrappy/download/wrappy-1.0.2.tgz",
      "integrity": "sha1-tSQ9jz7BqjXxNkYFvA0QNuMKtp8="
    }
  }
}
